<Solution>
  <Project Path="LinearDataStructures/LinearDataStructures.csproj" />
  <Project Path="MSTestProject/MSTestProject.csproj" Id="dd6ae441-b3f7-486f-9e75-0691c6878af2" />
  <Project Path="NUnitTestProject/NUnitTestProject.csproj" Id="6c6061cc-184d-4a75-9162-8744da2ad4ad" />
  <Project Path="xUnitTestProject/xUnitTestProject.csproj" Id="c8b11867-7a22-4767-a54c-95347a935d37" />
</Solution>
